
Microsoft Visual Studio Solution File, Format Version 12.00
# Visual Studio Version 16
VisualStudioVersion = 16.0.29728.190
MinimumVisualStudioVersion = 10.0.40219.1
Project("{888888A0-9F3D-457C-B088-3A5042F75D52}") = "WSProject", "WSProject\WSProject.pyproj", "{E471A4AB-8A2B-493E-B2B6-4E7F6470FDA4}"
EndProject
Global
	GlobalSection(SolutionConfigurationPlatforms) = preSolution
		Debug|Any CPU = Debug|Any CPU
		Release|Any CPU = Release|Any CPU
	EndGlobalSection
	GlobalSection(ProjectConfigurationPlatforms) = postSolution
		{E471A4AB-8A2B-493E-B2B6-4E7F6470FDA4}.Debug|Any CPU.ActiveCfg = Debug|Any CPU
		{E471A4AB-8A2B-493E-B2B6-4E7F6470FDA4}.Release|Any CPU.ActiveCfg = Release|Any CPU
	EndGlobalSection
	GlobalSection(SolutionProperties) = preSolution
		HideSolutionNode = FALSE
	EndGlobalSection
	GlobalSection(ExtensibilityGlobals) = postSolution
		SolutionGuid = {17FC1D79-0A2E-491D-AF7F-7D798A19FD2C}
	EndGlobalSection
EndGlobal
